// !$*UTF8*$!
{
	archiveVersion = 1;
	classes = {
	};
	objectVersion = 46;
	objects = {

/* Begin PBXBuildFile section */
		C566B01C1E8A616C001CF0A2 /* AppDelegate.swift in Sources */ = {isa = PBXBuildFile; fileRef = C566B01B1E8A616C001CF0A2 /* AppDelegate.swift */; };
		C566B01E1E8A616C001CF0A2 /* ViewController.swift in Sources */ = {isa = PBXBuildFile; fileRef = C566B01D1E8A616C001CF0A2 /* ViewController.swift */; };
		C566B0211E8A616C001CF0A2 /* Main.storyboard in Resources */ = {isa = PBXBuildFile; fileRef = C566B01F1E8A616C001CF0A2 /* Main.storyboard */; };
		C566B0231E8A616C001CF0A2 /* Assets.xcassets in Resources */ = {isa = PBXBuildFile; fileRef = C566B0221E8A616C001CF0A2 /* Assets.xcassets */; };
		C566B0261E8A616C001CF0A2 /* LaunchScreen.storyboard in Resources */ = {isa = PBXBuildFile; fileRef = C566B0241E8A616C001CF0A2 /* LaunchScreen.storyboard */; };
		C566B0311E8A616D001CF0A2 /* watch_testTests.swift in Sources */ = {isa = PBXBuildFile; fileRef = C566B0301E8A616D001CF0A2 /* watch_testTests.swift */; };
		C566B03C1E8A616D001CF0A2 /* watch_testUITests.swift in Sources */ = {isa = PBXBuildFile; fileRef = C566B03B1E8A616D001CF0A2 /* watch_testUITests.swift */; };
		C566B0411E8A616D001CF0A2 /* watch_test WatchKit App.app in Embed Watch Content */ = {isa = PBXBuildFile; fileRef = C566B0401E8A616D001CF0A2 /* watch_test WatchKit App.app */; };
		C566B0471E8A616D001CF0A2 /* Interface.storyboard in Resources */ = {isa = PBXBuildFile; fileRef = C566B0451E8A616D001CF0A2 /* Interface.storyboard */; };
		C566B0491E8A616D001CF0A2 /* Assets.xcassets in Resources */ = {isa = PBXBuildFile; fileRef = C566B0481E8A616D001CF0A2 /* Assets.xcassets */; };
		C566B0501E8A616D001CF0A2 /* watch_test WatchKit Extension.appex in Embed App Extensions */ = {isa = PBXBuildFile; fileRef = C566B04F1E8A616D001CF0A2 /* watch_test WatchKit Extension.appex */; settings = {ATTRIBUTES = (RemoveHeadersOnCopy, ); }; };
		C566B0571E8A616D001CF0A2 /* InterfaceController.swift in Sources */ = {isa = PBXBuildFile; fileRef = C566B0561E8A616D001CF0A2 /* InterfaceController.swift */; };
		C566B0591E8A616D001CF0A2 /* ExtensionDelegate.swift in Sources */ = {isa = PBXBuildFile; fileRef = C566B0581E8A616D001CF0A2 /* ExtensionDelegate.swift */; };
		C566B05B1E8A616D001CF0A2 /* NotificationController.swift in Sources */ = {isa = PBXBuildFile; fileRef = C566B05A1E8A616D001CF0A2 /* NotificationController.swift */; };
		C566B05D1E8A616D001CF0A2 /* Assets.xcassets in Resources */ = {isa = PBXBuildFile; fileRef = C566B05C1E8A616D001CF0A2 /* Assets.xcassets */; };
/* End PBXBuildFile section */

/* Begin PBXContainerItemProxy section */
		C566B02D1E8A616D001CF0A2 /* PBXContainerItemProxy */ = {
			isa = PBXContainerItemProxy;
			containerPortal = C566B0101E8A616C001CF0A2 /* Project object */;
			proxyType = 1;
			remoteGlobalIDString = C566B0171E8A616C001CF0A2;
			remoteInfo = watch_test;
		};
		C566B0381E8A616D001CF0A2 /* PBXContainerItemProxy */ = {
			isa = PBXContainerItemProxy;
			containerPortal = C566B0101E8A616C001CF0A2 /* Project object */;
			proxyType = 1;
			remoteGlobalIDString = C566B0171E8A616C001CF0A2;
			remoteInfo = watch_test;
		};
		C566B0421E8A616D001CF0A2 /* PBXContainerItemProxy */ = {
			isa = PBXContainerItemProxy;
			containerPortal = C566B0101E8A616C001CF0A2 /* Project object */;
			proxyType = 1;
			remoteGlobalIDString = C566B03F1E8A616D001CF0A2;
			remoteInfo = "watch_test WatchKit App";
		};
		C566B0511E8A616D001CF0A2 /* PBXContainerItemProxy */ = {
			isa = PBXContainerItemProxy;
			containerPortal = C566B0101E8A616C001CF0A2 /* Project object */;
			proxyType = 1;
			remoteGlobalIDString = C566B04E1E8A616D001CF0A2;
			remoteInfo = "watch_test WatchKit Extension";
		};
/* End PBXContainerItemProxy section */

/* Begin PBXCopyFilesBuildPhase section */
		C566B0641E8A616D001CF0A2 /* Embed App Extensions */ = {
			isa = PBXCopyFilesBuildPhase;
			buildActionMask = 2147483647;
			dstPath = "";
			dstSubfolderSpec = 13;
			files = (
				C566B0501E8A616D001CF0A2 /* watch_test WatchKit Extension.appex in Embed App Extensions */,
			);
			name = "Embed App Extensions";
			runOnlyForDeploymentPostprocessing = 0;
		};
		C566B0681E8A616D001CF0A2 /* Embed Watch Content */ = {
			isa = PBXCopyFilesBuildPhase;
			buildActionMask = 2147483647;
			dstPath = "$(CONTENTS_FOLDER_PATH)/Watch";
			dstSubfolderSpec = 16;
			files = (
				C566B0411E8A616D001CF0A2 /* watch_test WatchKit App.app in Embed Watch Content */,
			);
			name = "Embed Watch Content";
			runOnlyForDeploymentPostprocessing = 0;
		};
/* End PBXCopyFilesBuildPhase section */

/* Begin PBXFileReference section */
		C566B0181E8A616C001CF0A2 /* watch_test.app */ = {isa = PBXFileReference; explicitFileType = wrapper.application; includeInIndex = 0; path = watch_test.app; sourceTree = BUILT_PRODUCTS_DIR; };
		C566B01B1E8A616C001CF0A2 /* AppDelegate.swift */ = {isa = PBXFileReference; lastKnownFileType = sourcecode.swift; path = AppDelegate.swift; sourceTree = "<group>"; };
		C566B01D1E8A616C001CF0A2 /* ViewController.swift */ = {isa = PBXFileReference; lastKnownFileType = sourcecode.swift; path = ViewController.swift; sourceTree = "<group>"; };
		C566B0201E8A616C001CF0A2 /* Base */ = {isa = PBXFileReference; lastKnownFileType = file.storyboard; name = Base; path = Base.lproj/Main.storyboard; sourceTree = "<group>"; };
		C566B0221E8A616C001CF0A2 /* Assets.xcassets */ = {isa = PBXFileReference; lastKnownFileType = folder.assetcatalog; path = Assets.xcassets; sourceTree = "<group>"; };
		C566B0251E8A616C001CF0A2 /* Base */ = {isa = PBXFileReference; lastKnownFileType = file.storyboard; name = Base; path = Base.lproj/LaunchScreen.storyboard; sourceTree = "<group>"; };
		C566B0271E8A616C001CF0A2 /* Info.plist */ = {isa = PBXFileReference; lastKnownFileType = text.plist.xml; path = Info.plist; sourceTree = "<group>"; };
		C566B02C1E8A616D001CF0A2 /* watch_testTests.xctest */ = {isa = PBXFileReference; explicitFileType = wrapper.cfbundle; includeInIndex = 0; path = watch_testTests.xctest; sourceTree = BUILT_PRODUCTS_DIR; };
		C566B0301E8A616D001CF0A2 /* watch_testTests.swift */ = {isa = PBXFileReference; lastKnownFileType = sourcecode.swift; path = watch_testTests.swift; sourceTree = "<group>"; };
		C566B0321E8A616D001CF0A2 /* Info.plist */ = {isa = PBXFileReference; lastKnownFileType = text.plist.xml; path = Info.plist; sourceTree = "<group>"; };
		C566B0371E8A616D001CF0A2 /* watch_testUITests.xctest */ = {isa = PBXFileReference; explicitFileType = wrapper.cfbundle; includeInIndex = 0; path = watch_testUITests.xctest; sourceTree = BUILT_PRODUCTS_DIR; };
		C566B03B1E8A616D001CF0A2 /* watch_testUITests.swift */ = {isa = PBXFileReference; lastKnownFileType = sourcecode.swift; path = watch_testUITests.swift; sourceTree = "<group>"; };
		C566B03D1E8A616D001CF0A2 /* Info.plist */ = {isa = PBXFileReference; lastKnownFileType = text.plist.xml; path = Info.plist; sourceTree = "<group>"; };
		C566B0401E8A616D001CF0A2 /* watch_test WatchKit App.app */ = {isa = PBXFileReference; explicitFileType = wrapper.application; includeInIndex = 0; path = "watch_test WatchKit App.app"; sourceTree = BUILT_PRODUCTS_DIR; };
		C566B0461E8A616D001CF0A2 /* Base */ = {isa = PBXFileReference; lastKnownFileType = file.storyboard; name = Base; path = Base.lproj/Interface.storyboard; sourceTree = "<group>"; };
		C566B0481E8A616D001CF0A2 /* Assets.xcassets */ = {isa = PBXFileReference; lastKnownFileType = folder.assetcatalog; path = Assets.xcassets; sourceTree = "<group>"; };
		C566B04A1E8A616D001CF0A2 /* Info.plist */ = {isa = PBXFileReference; lastKnownFileType = text.plist.xml; path = Info.plist; sourceTree = "<group>"; };
		C566B04F1E8A616D001CF0A2 /* watch_test WatchKit Extension.appex */ = {isa = PBXFileReference; explicitFileType = "wrapper.app-extension"; includeInIndex = 0; path = "watch_test WatchKit Extension.appex"; sourceTree = BUILT_PRODUCTS_DIR; };
		C566B0551E8A616D001CF0A2 /* PushNotificationPayload.apns */ = {isa = PBXFileReference; lastKnownFileType = text; path = PushNotificationPayload.apns; sourceTree = "<group>"; };
		C566B0561E8A616D001CF0A2 /* InterfaceController.swift */ = {isa = PBXFileReference; lastKnownFileType = sourcecode.swift; path = InterfaceController.swift; sourceTree = "<group>"; };
		C566B0581E8A616D001CF0A2 /* ExtensionDelegate.swift */ = {isa = PBXFileReference; lastKnownFileType = sourcecode.swift; path = ExtensionDelegate.swift; sourceTree = "<group>"; };
		C566B05A1E8A616D001CF0A2 /* NotificationController.swift */ = {isa = PBXFileReference; lastKnownFileType = sourcecode.swift; path = NotificationController.swift; sourceTree = "<group>"; };
		C566B05C1E8A616D001CF0A2 /* Assets.xcassets */ = {isa = PBXFileReference; lastKnownFileType = folder.assetcatalog; path = Assets.xcassets; sourceTree = "<group>"; };
		C566B05E1E8A616D001CF0A2 /* Info.plist */ = {isa = PBXFileReference; lastKnownFileType = text.plist.xml; path = Info.plist; sourceTree = "<group>"; };
/* End PBXFileReference section */

/* Begin PBXFrameworksBuildPhase section */
		C566B0151E8A616C001CF0A2 /* Frameworks */ = {
			isa = PBXFrameworksBuildPhase;
			buildActionMask = 2147483647;
			files = (
			);
			runOnlyForDeploymentPostprocessing = 0;
		};
		C566B0291E8A616D001CF0A2 /* Frameworks */ = {
			isa = PBXFrameworksBuildPhase;
			buildActionMask = 2147483647;
			files = (
			);
			runOnlyForDeploymentPostprocessing = 0;
		};
		C566B0341E8A616D001CF0A2 /* Frameworks */ = {
			isa = PBXFrameworksBuildPhase;
			buildActionMask = 2147483647;
			files = (
			);
			runOnlyForDeploymentPostprocessing = 0;
		};
		C566B04C1E8A616D001CF0A2 /* Frameworks */ = {
			isa = PBXFrameworksBuildPhase;
			buildActionMask = 2147483647;
			files = (
			);
			runOnlyForDeploymentPostprocessing = 0;
		};
/* End PBXFrameworksBuildPhase section */

/* Begin PBXGroup section */
		C566B00F1E8A616C001CF0A2 = {
			isa = PBXGroup;
			children = (
				C566B01A1E8A616C001CF0A2 /* watch_test */,
				C566B02F1E8A616D001CF0A2 /* watch_testTests */,
				C566B03A1E8A616D001CF0A2 /* watch_testUITests */,
				C566B0441E8A616D001CF0A2 /* watch_test WatchKit App */,
				C566B0531E8A616D001CF0A2 /* watch_test WatchKit Extension */,
				C566B0191E8A616C001CF0A2 /* Products */,
			);
			sourceTree = "<group>";
		};
		C566B0191E8A616C001CF0A2 /* Products */ = {
			isa = PBXGroup;
			children = (
				C566B0181E8A616C001CF0A2 /* watch_test.app */,
				C566B02C1E8A616D001CF0A2 /* watch_testTests.xctest */,
				C566B0371E8A616D001CF0A2 /* watch_testUITests.xctest */,
				C566B0401E8A616D001CF0A2 /* watch_test WatchKit App.app */,
				C566B04F1E8A616D001CF0A2 /* watch_test WatchKit Extension.appex */,
			);
			name = Products;
			sourceTree = "<group>";
		};
		C566B01A1E8A616C001CF0A2 /* watch_test */ = {
			isa = PBXGroup;
			children = (
				C566B01B1E8A616C001CF0A2 /* AppDelegate.swift */,
				C566B01D1E8A616C001CF0A2 /* ViewController.swift */,
				C566B01F1E8A616C001CF0A2 /* Main.storyboard */,
				C566B0221E8A616C001CF0A2 /* Assets.xcassets */,
				C566B0241E8A616C001CF0A2 /* LaunchScreen.storyboard */,
				C566B0271E8A616C001CF0A2 /* Info.plist */,
			);
			path = watch_test;
			sourceTree = "<group>";
		};
		C566B02F1E8A616D001CF0A2 /* watch_testTests */ = {
			isa = PBXGroup;
			children = (
				C566B0301E8A616D001CF0A2 /* watch_testTests.swift */,
				C566B0321E8A616D001CF0A2 /* Info.plist */,
			);
			path = watch_testTests;
			sourceTree = "<group>";
		};
		C566B03A1E8A616D001CF0A2 /* watch_testUITests */ = {
			isa = PBXGroup;
			children = (
				C566B03B1E8A616D001CF0A2 /* watch_testUITests.swift */,
				C566B03D1E8A616D001CF0A2 /* Info.plist */,
			);
			path = watch_testUITests;
			sourceTree = "<group>";
		};
		C566B0441E8A616D001CF0A2 /* watch_test WatchKit App */ = {
			isa = PBXGroup;
			children = (
				C566B0451E8A616D001CF0A2 /* Interface.storyboard */,
				C566B0481E8A616D001CF0A2 /* Assets.xcassets */,
				C566B04A1E8A616D001CF0A2 /* Info.plist */,
			);
			path = "watch_test WatchKit App";
			sourceTree = "<group>";
		};
		C566B0531E8A616D001CF0A2 /* watch_test WatchKit Extension */ = {
			isa = PBXGroup;
			children = (
				C566B0561E8A616D001CF0A2 /* InterfaceController.swift */,
				C566B0581E8A616D001CF0A2 /* ExtensionDelegate.swift */,
				C566B05A1E8A616D001CF0A2 /* NotificationController.swift */,
				C566B05C1E8A616D001CF0A2 /* Assets.xcassets */,
				C566B05E1E8A616D001CF0A2 /* Info.plist */,
				C566B0541E8A616D001CF0A2 /* Supporting Files */,
			);
			path = "watch_test WatchKit Extension";
			sourceTree = "<group>";
		};
		C566B0541E8A616D001CF0A2 /* Supporting Files */ = {
			isa = PBXGroup;
			children = (
				C566B0551E8A616D001CF0A2 /* PushNotificationPayload.apns */,
			);
			name = "Supporting Files";
			sourceTree = "<group>";
		};
/* End PBXGroup section */

/* Begin PBXNativeTarget section */
		C566B0171E8A616C001CF0A2 /* watch_test */ = {
			isa = PBXNativeTarget;
			buildConfigurationList = C566B0691E8A616D001CF0A2 /* Build configuration list for PBXNativeTarget "watch_test" */;
			buildPhases = (
				C566B0141E8A616C001CF0A2 /* Sources */,
				C566B0151E8A616C001CF0A2 /* Frameworks */,
				C566B0161E8A616C001CF0A2 /* Resources */,
				C566B0681E8A616D001CF0A2 /* Embed Watch Content */,
			);
			buildRules = (
			);
			dependencies = (
				C566B0431E8A616D001CF0A2 /* PBXTargetDependency */,
			);
			name = watch_test;
			productName = watch_test;
			productReference = C566B0181E8A616C001CF0A2 /* watch_test.app */;
			productType = "com.apple.product-type.application";
		};
		C566B02B1E8A616D001CF0A2 /* watch_testTests */ = {
			isa = PBXNativeTarget;
			buildConfigurationList = C566B06C1E8A616D001CF0A2 /* Build configuration list for PBXNativeTarget "watch_testTests" */;
			buildPhases = (
				C566B0281E8A616D001CF0A2 /* Sources */,
				C566B0291E8A616D001CF0A2 /* Frameworks */,
				C566B02A1E8A616D001CF0A2 /* Resources */,
			);
			buildRules = (
			);
			dependencies = (
				C566B02E1E8A616D001CF0A2 /* PBXTargetDependency */,
			);
			name = watch_testTests;
			productName = watch_testTests;
			productReference = C566B02C1E8A616D001CF0A2 /* watch_testTests.xctest */;
			productType = "com.apple.product-type.bundle.unit-test";
		};
		C566B0361E8A616D001CF0A2 /* watch_testUITests */ = {
			isa = PBXNativeTarget;
			buildConfigurationList = C566B06F1E8A616D001CF0A2 /* Build configuration list for PBXNativeTarget "watch_testUITests" */;
			buildPhases = (
				C566B0331E8A616D001CF0A2 /* Sources */,
				C566B0341E8A616D001CF0A2 /* Frameworks */,
				C566B0351E8A616D001CF0A2 /* Resources */,
			);
			buildRules = (
			);
			dependencies = (
				C566B0391E8A616D001CF0A2 /* PBXTargetDependency */,
			);
			name = watch_testUITests;
			productName = watch_testUITests;
			productReference = C566B0371E8A616D001CF0A2 /* watch_testUITests.xctest */;
			productType = "com.apple.product-type.bundle.ui-testing";
		};
		C566B03F1E8A616D001CF0A2 /* watch_test WatchKit App */ = {
			isa = PBXNativeTarget;
			buildConfigurationList = C566B0651E8A616D001CF0A2 /* Build configuration list for PBXNativeTarget "watch_test WatchKit App" */;
			buildPhases = (
				C566B03E1E8A616D001CF0A2 /* Resources */,
				C566B0641E8A616D001CF0A2 /* Embed App Extensions */,
			);
			buildRules = (
			);
			dependencies = (
				C566B0521E8A616D001CF0A2 /* PBXTargetDependency */,
			);
			name = "watch_test WatchKit App";
			productName = "watch_test WatchKit App";
			productReference = C566B0401E8A616D001CF0A2 /* watch_test WatchKit App.app */;
			productType = "com.apple.product-type.application.watchapp2";
		};
		C566B04E1E8A616D001CF0A2 /* watch_test WatchKit Extension */ = {
			isa = PBXNativeTarget;
			buildConfigurationList = C566B0611E8A616D001CF0A2 /* Build configuration list for PBXNativeTarget "watch_test WatchKit Extension" */;
			buildPhases = (
				C566B04B1E8A616D001CF0A2 /* Sources */,
				C566B04C1E8A616D001CF0A2 /* Frameworks */,
				C566B04D1E8A616D001CF0A2 /* Resources */,
			);
			buildRules = (
			);
			dependencies = (
			);
			name = "watch_test WatchKit Extension";
			productName = "watch_test WatchKit Extension";
			productReference = C566B04F1E8A616D001CF0A2 /* watch_test WatchKit Extension.appex */;
			productType = "com.apple.product-type.watchkit2-extension";
		};
/* End PBXNativeTarget section */

/* Begin PBXProject section */
		C566B0101E8A616C001CF0A2 /* Project object */ = {
			isa = PBXProject;
			attributes = {
				LastSwiftUpdateCheck = 0820;
				LastUpgradeCheck = 0820;
				ORGANIZATIONNAME = AHN;
				TargetAttributes = {
					C566B0171E8A616C001CF0A2 = {
						CreatedOnToolsVersion = 8.2.1;
						DevelopmentTeam = 9S6RTY4596;
						ProvisioningStyle = Automatic;
					};
					C566B02B1E8A616D001CF0A2 = {
						CreatedOnToolsVersion = 8.2.1;
						DevelopmentTeam = 9S6RTY4596;
						ProvisioningStyle = Automatic;
						TestTargetID = C566B0171E8A616C001CF0A2;
					};
					C566B0361E8A616D001CF0A2 = {
						CreatedOnToolsVersion = 8.2.1;
						DevelopmentTeam = 9S6RTY4596;
						ProvisioningStyle = Automatic;
						TestTargetID = C566B0171E8A616C001CF0A2;
					};
					C566B03F1E8A616D001CF0A2 = {
						CreatedOnToolsVersion = 8.2.1;
						DevelopmentTeam = 9S6RTY4596;
						ProvisioningStyle = Automatic;
					};
					C566B04E1E8A616D001CF0A2 = {
						CreatedOnToolsVersion = 8.2.1;
						DevelopmentTeam = 9S6RTY4596;
						ProvisioningStyle = Automatic;
					};
				};
			};
			buildConfigurationList = C566B0131E8A616C001CF0A2 /* Build configuration list for PBXProject "watch_test" */;
			compatibilityVersion = "Xcode 3.2";
			developmentRegion = English;
			hasScannedForEncodings = 0;
			knownRegions = (
				en,
				Base,
			);
			mainGroup = C566B00F1E8A616C001CF0A2;
			productRefGroup = C566B0191E8A616C001CF0A2 /* Products */;
			projectDirPath = "";
			projectRoot = "";
			targets = (
				C566B0171E8A616C001CF0A2 /* watch_test */,
				C566B02B1E8A616D001CF0A2 /* watch_testTests */,
				C566B0361E8A616D001CF0A2 /* watch_testUITests */,
				C566B03F1E8A616D001CF0A2 /* watch_test WatchKit App */,
				C566B04E1E8A616D001CF0A2 /* watch_test WatchKit Extension */,
			);
		};
/* End PBXProject section */

/* Begin PBXResourcesBuildPhase section */
		C566B0161E8A616C001CF0A2 /* Resources */ = {
			isa = PBXResourcesBuildPhase;
			buildActionMask = 2147483647;
			files = (
				C566B0261E8A616C001CF0A2 /* LaunchScreen.storyboard in Resources */,
				C566B0231E8A616C001CF0A2 /* Assets.xcassets in Resources */,
				C566B0211E8A616C001CF0A2 /* Main.storyboard in Resources */,
			);
			runOnlyForDeploymentPostprocessing = 0;
		};
		C566B02A1E8A616D001CF0A2 /* Resources */ = {
			isa = PBXResourcesBuildPhase;
			buildActionMask = 2147483647;
			files = (
			);
			runOnlyForDeploymentPostprocessing = 0;
		};
		C566B0351E8A616D001CF0A2 /* Resources */ = {
			isa = PBXResourcesBuildPhase;
			buildActionMask = 2147483647;
			files = (
			);
			runOnlyForDeploymentPostprocessing = 0;
		};
		C566B03E1E8A616D001CF0A2 /* Resources */ = {
			isa = PBXResourcesBuildPhase;
			buildActionMask = 2147483647;
			files = (
				C566B0491E8A616D001CF0A2 /* Assets.xcassets in Resources */,
				C566B0471E8A616D001CF0A2 /* Interface.storyboard in Resources */,
			);
			runOnlyForDeploymentPostprocessing = 0;
		};
		C566B04D1E8A616D001CF0A2 /* Resources */ = {
			isa = PBXResourcesBuildPhase;
			buildActionMask = 2147483647;
			files = (
				C566B05D1E8A616D001CF0A2 /* Assets.xcassets in Resources */,
			);
			runOnlyForDeploymentPostprocessing = 0;
		};
/* End PBXResourcesBuildPhase section */

/* Begin PBXSourcesBuildPhase section */
		C566B0141E8A616C001CF0A2 /* Sources */ = {
			isa = PBXSourcesBuildPhase;
			buildActionMask = 2147483647;
			files = (
				C566B01E1E8A616C001CF0A2 /* ViewController.swift in Sources */,
				C566B01C1E8A616C001CF0A2 /* AppDelegate.swift in Sources */,
			);
			runOnlyForDeploymentPostprocessing = 0;
		};
		C566B0281E8A616D001CF0A2 /* Sources */ = {
			isa = PBXSourcesBuildPhase;
			buildActionMask = 2147483647;
			files = (
				C566B0311E8A616D001CF0A2 /* watch_testTests.swift in Sources */,
			);
			runOnlyForDeploymentPostprocessing = 0;
		};
		C566B0331E8A616D001CF0A2 /* Sources */ = {
			isa = PBXSourcesBuildPhase;
			buildActionMask = 2147483647;
			files = (
				C566B03C1E8A616D001CF0A2 /* watch_testUITests.swift in Sources */,
			);
			runOnlyForDeploymentPostprocessing = 0;
		};
		C566B04B1E8A616D001CF0A2 /* Sources */ = {
			isa = PBXSourcesBuildPhase;
			buildActionMask = 2147483647;
			files = (
				C566B05B1E8A616D001CF0A2 /* NotificationController.swift in Sources */,
				C566B0591E8A616D001CF0A2 /* ExtensionDelegate.swift in Sources */,
				C566B0571E8A616D001CF0A2 /* InterfaceController.swift in Sources */,
			);
			runOnlyForDeploymentPostprocessing = 0;
		};
/* End PBXSourcesBuildPhase section */

/* Begin PBXTargetDependency section */
		C566B02E1E8A616D001CF0A2 /* PBXTargetDependency */ = {
			isa = PBXTargetDependency;
			target = C566B0171E8A616C001CF0A2 /* watch_test */;
			targetProxy = C566B02D1E8A616D001CF0A2 /* PBXContainerItemProxy */;
		};
		C566B0391E8A616D001CF0A2 /* PBXTargetDependency */ = {
			isa = PBXTargetDependency;
			target = C566B0171E8A616C001CF0A2 /* watch_test */;
			targetProxy = C566B0381E8A616D001CF0A2 /* PBXContainerItemProxy */;
		};
		C566B0431E8A616D001CF0A2 /* PBXTargetDependency */ = {
			isa = PBXTargetDependency;
			target = C566B03F1E8A616D001CF0A2 /* watch_test WatchKit App */;
			targetProxy = C566B0421E8A616D001CF0A2 /* PBXContainerItemProxy */;
		};
		C566B0521E8A616D001CF0A2 /* PBXTargetDependency */ = {
			isa = PBXTargetDependency;
			target = C566B04E1E8A616D001CF0A2 /* watch_test WatchKit Extension */;
			targetProxy = C566B0511E8A616D001CF0A2 /* PBXContainerItemProxy */;
		};
/* End PBXTargetDependency section */

/* Begin PBXVariantGroup section */
		C566B01F1E8A616C001CF0A2 /* Main.storyboard */ = {
			isa = PBXVariantGroup;
			children = (
				C566B0201E8A616C001CF0A2 /* Base */,
			);
			name = Main.storyboard;
			sourceTree = "<group>";
		};
		C566B0241E8A616C001CF0A2 /* LaunchScreen.storyboard */ = {
			isa = PBXVariantGroup;
			children = (
				C566B0251E8A616C001CF0A2 /* Base */,
			);
			name = LaunchScreen.storyboard;
			sourceTree = "<group>";
		};
		C566B0451E8A616D001CF0A2 /* Interface.storyboard */ = {
			isa = PBXVariantGroup;
			children = (
				C566B0461E8A616D001CF0A2 /* Base */,
			);
			name = Interface.storyboard;
			sourceTree = "<group>";
		};
/* End PBXVariantGroup section */

/* Begin XCBuildConfiguration section */
		C566B05F1E8A616D001CF0A2 /* Debug */ = {
			isa = XCBuildConfiguration;
			buildSettings = {
				ALWAYS_SEARCH_USER_PATHS = NO;
				CLANG_ANALYZER_NONNULL = YES;
				CLANG_CXX_LANGUAGE_STANDARD = "gnu++0x";
				CLANG_CXX_LIBRARY = "libc++";
				CLANG_ENABLE_MODULES = YES;
				CLANG_ENABLE_OBJC_ARC = YES;
				CLANG_WARN_BOOL_CONVERSION = YES;
				CLANG_WARN_CONSTANT_CONVERSION = YES;
				CLANG_WARN_DIRECT_OBJC_ISA_USAGE = YES_ERROR;
				CLANG_WARN_DOCUMENTATION_COMMENTS = YES;
				CLANG_WARN_EMPTY_BODY = YES;
				CLANG_WARN_ENUM_CONVERSION = YES;
				CLANG_WARN_INFINITE_RECURSION = YES;
				CLANG_WARN_INT_CONVERSION = YES;
				CLANG_WARN_OBJC_ROOT_CLASS = YES_ERROR;
				CLANG_WARN_SUSPICIOUS_MOVE = YES;
				CLANG_WARN_UNREACHABLE_CODE = YES;
				CLANG_WARN__DUPLICATE_METHOD_MATCH = YES;
				"CODE_SIGN_IDENTITY[sdk=iphoneos*]" = "iPhone Developer";
				COPY_PHASE_STRIP = NO;
				DEBUG_INFORMATION_FORMAT = dwarf;
				ENABLE_STRICT_OBJC_MSGSEND = YES;
				ENABLE_TESTABILITY = YES;
				GCC_C_LANGUAGE_STANDARD = gnu99;
				GCC_DYNAMIC_NO_PIC = NO;
				GCC_NO_COMMON_BLOCKS = YES;
				GCC_OPTIMIZATION_LEVEL = 0;
				GCC_PREPROCESSOR_DEFINITIONS = (
					"DEBUG=1",
					"$(inherited)",
				);
				GCC_WARN_64_TO_32_BIT_CONVERSION = YES;
				GCC_WARN_ABOUT_RETURN_TYPE = YES_ERROR;
				GCC_WARN_UNDECLARED_SELECTOR = YES;
				GCC_WARN_UNINITIALIZED_AUTOS = YES_AGGRESSIVE;
				GCC_WARN_UNUSED_FUNCTION = YES;
				GCC_WARN_UNUSED_VARIABLE = YES;
				IPHONEOS_DEPLOYMENT_TARGET = 10.2;
				MTL_ENABLE_DEBUG_INFO = YES;
				ONLY_ACTIVE_ARCH = YES;
				SDKROOT = iphoneos;
				SWIFT_ACTIVE_COMPILATION_CONDITIONS = DEBUG;
				SWIFT_OPTIMIZATION_LEVEL = "-Onone";
			};
			name = Debug;
		};
		C566B0601E8A616D001CF0A2 /* Release */ = {
			isa = XCBuildConfiguration;
			buildSettings = {
				ALWAYS_SEARCH_USER_PATHS = NO;
				CLANG_ANALYZER_NONNULL = YES;
				CLANG_CXX_LANGUAGE_STANDARD = "gnu++0x";
				CLANG_CXX_LIBRARY = "libc++";
				CLANG_ENABLE_MODULES = YES;
				CLANG_ENABLE_OBJC_ARC = YES;
				CLANG_WARN_BOOL_CONVERSION = YES;
				CLANG_WARN_CONSTANT_CONVERSION = YES;
				CLANG_WARN_DIRECT_OBJC_ISA_USAGE = YES_ERROR;
				CLANG_WARN_DOCUMENTATION_COMMENTS = YES;
				CLANG_WARN_EMPTY_BODY = YES;
				CLANG_WARN_ENUM_CONVERSION = YES;
				CLANG_WARN_INFINITE_RECURSION = YES;
				CLANG_WARN_INT_CONVERSION = YES;
				CLANG_WARN_OBJC_ROOT_CLASS = YES_ERROR;
				CLANG_WARN_SUSPICIOUS_MOVE = YES;
				CLANG_WARN_UNREACHABLE_CODE = YES;
				CLANG_WARN__DUPLICATE_METHOD_MATCH = YES;
				"CODE_SIGN_IDENTITY[sdk=iphoneos*]" = "iPhone Developer";
				COPY_PHASE_STRIP = NO;
				DEBUG_INFORMATION_FORMAT = "dwarf-with-dsym";
				ENABLE_NS_ASSERTIONS = NO;
				ENABLE_STRICT_OBJC_MSGSEND = YES;
				GCC_C_LANGUAGE_STANDARD = gnu99;
				GCC_NO_COMMON_BLOCKS = YES;
				GCC_WARN_64_TO_32_BIT_CONVERSION = YES;
				GCC_WARN_ABOUT_RETURN_TYPE = YES_ERROR;
				GCC_WARN_UNDECLARED_SELECTOR = YES;
				GCC_WARN_UNINITIALIZED_AUTOS = YES_AGGRESSIVE;
				GCC_WARN_UNUSED_FUNCTION = YES;
				GCC_WARN_UNUSED_VARIABLE = YES;
				IPHONEOS_DEPLOYMENT_TARGET = 10.2;
				MTL_ENABLE_DEBUG_INFO = NO;
				SDKROOT = iphoneos;
				SWIFT_OPTIMIZATION_LEVEL = "-Owholemodule";
				VALIDATE_PRODUCT = YES;
			};
			name = Release;
		};
		C566B0621E8A616D001CF0A2 /* Debug */ = {
			isa = XCBuildConfiguration;
			buildSettings = {
				ASSETCATALOG_COMPILER_COMPLICATION_NAME = Complication;
				DEVELOPMENT_TEAM = 9S6RTY4596;
				INFOPLIST_FILE = "watch_test WatchKit Extension/Info.plist";
				LD_RUNPATH_SEARCH_PATHS = "$(inherited) @executable_path/Frameworks @executable_path/../../Frameworks";
				PRODUCT_BUNDLE_IDENTIFIER = "com.AHN.watch-test.watchkitapp.watchkitextension";
				PRODUCT_NAME = "${TARGET_NAME}";
				SDKROOT = watchos;
				SKIP_INSTALL = YES;
				SWIFT_VERSION = 3.0;
				TARGETED_DEVICE_FAMILY = 4;
				WATCHOS_DEPLOYMENT_TARGET = 3.1;
			};
			name = Debug;
		};
		C566B0631E8A616D001CF0A2 /* Release */ = {
			isa = XCBuildConfiguration;
			buildSettings = {
				ASSETCATALOG_COMPILER_COMPLICATION_NAME = Complication;
				DEVELOPMENT_TEAM = 9S6RTY4596;
				INFOPLIST_FILE = "watch_test WatchKit Extension/Info.plist";
				LD_RUNPATH_SEARCH_PATHS = "$(inherited) @executable_path/Frameworks @executable_path/../../Frameworks";
				PRODUCT_BUNDLE_IDENTIFIER = "com.AHN.watch-test.watchkitapp.watchkitextension";
				PRODUCT_NAME = "${TARGET_NAME}";
				SDKROOT = watchos;
				SKIP_INSTALL = YES;
				SWIFT_VERSION = 3.0;
				TARGETED_DEVICE_FAMILY = 4;
				WATCHOS_DEPLOYMENT_TARGET = 3.1;
			};
			name = Release;
		};
		C566B0661E8A616D001CF0A2 /* Debug */ = {
			isa = XCBuildConfiguration;
			buildSettings = {
				ALWAYS_EMBED_SWIFT_STANDARD_LIBRARIES = YES;
				ASSETCATALOG_COMPILER_APPICON_NAME = AppIcon;
				DEVELOPMENT_TEAM = 9S6RTY4596;
				IBSC_MODULE = watch_test_WatchKit_Extension;
				INFOPLIST_FILE = "watch_test WatchKit App/Info.plist";
				PRODUCT_BUNDLE_IDENTIFIER = "com.AHN.watch-test.watchkitapp";
				PRODUCT_NAME = "$(TARGET_NAME)";
				SDKROOT = watchos;
				SKIP_INSTALL = YES;
				SWIFT_VERSION = 3.0;
				TARGETED_DEVICE_FAMILY = 4;
				WATCHOS_DEPLOYMENT_TARGET = 3.1;
			};
			name = Debug;
		};
		C566B0671E8A616D001CF0A2 /* Release */ = {
			isa = XCBuildConfiguration;
			buildSettings = {
				ALWAYS_EMBED_SWIFT_STANDARD_LIBRARIES = YES;
				ASSETCATALOG_COMPILER_APPICON_NAME = AppIcon;
				DEVELOPMENT_TEAM = 9S6RTY4596;
				IBSC_MODULE = watch_test_WatchKit_Extension;
				INFOPLIST_FILE = "watch_test WatchKit App/Info.plist";
				PRODUCT_BUNDLE_IDENTIFIER = "com.AHN.watch-test.watchkitapp";
				PRODUCT_NAME = "$(TARGET_NAME)";
				SDKROOT = watchos;
				SKIP_INSTALL = YES;
				SWIFT_VERSION = 3.0;
				TARGETED_DEVICE_FAMILY = 4;
				WATCHOS_DEPLOYMENT_TARGET = 3.1;
			};
			name = Release;
		};
		C566B06A1E8A616D001CF0A2 /* Debug */ = {
			isa = XCBuildConfiguration;
			buildSettings = {
				ASSETCATALOG_COMPILER_APPICON_NAME = AppIcon;
				DEVELOPMENT_TEAM = 9S6RTY4596;
				INFOPLIST_FILE = watch_test/Info.plist;
				LD_RUNPATH_SEARCH_PATHS = "$(inherited) @executable_path/Frameworks";
				PRODUCT_BUNDLE_IDENTIFIER = "com.AHN.watch-test";
				PRODUCT_NAME = "$(TARGET_NAME)";
				SWIFT_VERSION = 3.0;
			};
			name = Debug;
		};
		C566B06B1E8A616D001CF0A2 /* Release */ = {
			isa = XCBuildConfiguration;
			buildSettings = {
				ASSETCATALOG_COMPILER_APPICON_NAME = AppIcon;
				DEVELOPMENT_TEAM = 9S6RTY4596;
				INFOPLIST_FILE = watch_test/Info.plist;
				LD_RUNPATH_SEARCH_PATHS = "$(inherited) @executable_path/Frameworks";
				PRODUCT_BUNDLE_IDENTIFIER = "com.AHN.watch-test";
				PRODUCT_NAME = "$(TARGET_NAME)";
				SWIFT_VERSION = 3.0;
			};
			name = Release;
		};
		C566B06D1E8A616D001CF0A2 /* Debug */ = {
			isa = XCBuildConfiguration;
			buildSettings = {
				ALWAYS_EMBED_SWIFT_STANDARD_LIBRARIES = YES;
				BUNDLE_LOADER = "$(TEST_HOST)";
				DEVELOPMENT_TEAM = 9S6RTY4596;
				INFOPLIST_FILE = watch_testTests/Info.plist;
				LD_RUNPATH_SEARCH_PATHS = "$(inherited) @executable_path/Frameworks @loader_path/Frameworks";
				PRODUCT_BUNDLE_IDENTIFIER = "com.AHN.watch-testTests";
				PRODUCT_NAME = "$(TARGET_NAME)";
				SWIFT_VERSION = 3.0;
				TEST_HOST = "$(BUILT_PRODUCTS_DIR)/watch_test.app/watch_test";
			};
			name = Debug;
		};
		C566B06E1E8A616D001CF0A2 /* Release */ = {
			isa = XCBuildConfiguration;
			buildSettings = {
				ALWAYS_EMBED_SWIFT_STANDARD_LIBRARIES = YES;
				BUNDLE_LOADER = "$(TEST_HOST)";
				DEVELOPMENT_TEAM = 9S6RTY4596;
				INFOPLIST_FILE = watch_testTests/Info.plist;
				LD_RUNPATH_SEARCH_PATHS = "$(inherited) @executable_path/Frameworks @loader_path/Frameworks";
				PRODUCT_BUNDLE_IDENTIFIER = "com.AHN.watch-testTests";
				PRODUCT_NAME = "$(TARGET_NAME)";
				SWIFT_VERSION = 3.0;
				TEST_HOST = "$(BUILT_PRODUCTS_DIR)/watch_test.app/watch_test";
			};
			name = Release;
		};
		C566B0701E8A616D001CF0A2 /* Debug */ = {
			isa = XCBuildConfiguration;
			buildSettings = {
				ALWAYS_EMBED_SWIFT_STANDARD_LIBRARIES = YES;
				DEVELOPMENT_TEAM = 9S6RTY4596;
				INFOPLIST_FILE = watch_testUITests/Info.plist;
				LD_RUNPATH_SEARCH_PATHS = "$(inherited) @executable_path/Frameworks @loader_path/Frameworks";
				PRODUCT_BUNDLE_IDENTIFIER = "com.AHN.watch-testUITests";
				PRODUCT_NAME = "$(TARGET_NAME)";
				SWIFT_VERSION = 3.0;
				TEST_TARGET_NAME = watch_test;
			};
			name = Debug;
		};
		C566B0711E8A616D001CF0A2 /* Release */ = {
			isa = XCBuildConfiguration;
			buildSettings = {
				ALWAYS_EMBED_SWIFT_STANDARD_LIBRARIES = YES;
				DEVELOPMENT_TEAM = 9S6RTY4596;
				INFOPLIST_FILE = watch_testUITests/Info.plist;
				LD_RUNPATH_SEARCH_PATHS = "$(inherited) @executable_path/Frameworks @loader_path/Frameworks";
				PRODUCT_BUNDLE_IDENTIFIER = "com.AHN.watch-testUITests";
				PRODUCT_NAME = "$(TARGET_NAME)";
				SWIFT_VERSION = 3.0;
				TEST_TARGET_NAME = watch_test;
			};
			name = Release;
		};
/* End XCBuildConfiguration section */

/* Begin XCConfigurationList section */
		C566B0131E8A616C001CF0A2 /* Build configuration list for PBXProject "watch_test" */ = {
			isa = XCConfigurationList;
			buildConfigurations = (
				C566B05F1E8A616D001CF0A2 /* Debug */,
				C566B0601E8A616D001CF0A2 /* Release */,
			);
			defaultConfigurationIsVisible = 0;
			defaultConfigurationName = Release;
		};
		C566B0611E8A616D001CF0A2 /* Build configuration list for PBXNativeTarget "watch_test WatchKit Extension" */ = {
			isa = XCConfigurationList;
			buildConfigurations = (
				C566B0621E8A616D001CF0A2 /* Debug */,
				C566B0631E8A616D001CF0A2 /* Release */,
			);
			defaultConfigurationIsVisible = 0;
		};
		C566B0651E8A616D001CF0A2 /* Build configuration list for PBXNativeTarget "watch_test WatchKit App" */ = {
			isa = XCConfigurationList;
			buildConfigurations = (
				C566B0661E8A616D001CF0A2 /* Debug */,
				C566B0671E8A616D001CF0A2 /* Release */,
			);
			defaultConfigurationIsVisible = 0;
		};
		C566B0691E8A616D001CF0A2 /* Build configuration list for PBXNativeTarget "watch_test" */ = {
			isa = XCConfigurationList;
			buildConfigurations = (
				C566B06A1E8A616D001CF0A2 /* Debug */,
				C566B06B1E8A616D001CF0A2 /* Release */,
			);
			defaultConfigurationIsVisible = 0;
		};
		C566B06C1E8A616D001CF0A2 /* Build configuration list for PBXNativeTarget "watch_testTests" */ = {
			isa = XCConfigurationList;
			buildConfigurations = (
				C566B06D1E8A616D001CF0A2 /* Debug */,
				C566B06E1E8A616D001CF0A2 /* Release */,
			);
			defaultConfigurationIsVisible = 0;
		};
		C566B06F1E8A616D001CF0A2 /* Build configuration list for PBXNativeTarget "watch_testUITests" */ = {
			isa = XCConfigurationList;
			buildConfigurations = (
				C566B0701E8A616D001CF0A2 /* Debug */,
				C566B0711E8A616D001CF0A2 /* Release */,
			);
			defaultConfigurationIsVisible = 0;
		};
/* End XCConfigurationList section */
	};
	rootObject = C566B0101E8A616C001CF0A2 /* Project object */;
}
