// !$*UTF8*$!
{
	archiveVersion = 1;
	classes = {
	};
	objectVersion = 46;
	objects = {

/* Begin PBXBuildFile section */
		C55BF7BE1E86B57E00996A92 /* GoogleService-Info.plist in Resources */ = {isa = PBXBuildFile; fileRef = C55BF7BD1E86B57E00996A92 /* GoogleService-Info.plist */; };
		C5B89B471E867C28005C6B17 /* AppDelegate.swift in Sources */ = {isa = PBXBuildFile; fileRef = C5B89B461E867C28005C6B17 /* AppDelegate.swift */; };
		C5B89B491E867C28005C6B17 /* ViewController.swift in Sources */ = {isa = PBXBuildFile; fileRef = C5B89B481E867C28005C6B17 /* ViewController.swift */; };
		C5B89B4C1E867C28005C6B17 /* Main.storyboard in Resources */ = {isa = PBXBuildFile; fileRef = C5B89B4A1E867C28005C6B17 /* Main.storyboard */; };
		C5B89B4E1E867C28005C6B17 /* Assets.xcassets in Resources */ = {isa = PBXBuildFile; fileRef = C5B89B4D1E867C28005C6B17 /* Assets.xcassets */; };
		C5B89B511E867C28005C6B17 /* LaunchScreen.storyboard in Resources */ = {isa = PBXBuildFile; fileRef = C5B89B4F1E867C28005C6B17 /* LaunchScreen.storyboard */; };
		C5B89B5C1E867C28005C6B17 /* FincincTests.swift in Sources */ = {isa = PBXBuildFile; fileRef = C5B89B5B1E867C28005C6B17 /* FincincTests.swift */; };
		C5B89B671E867C28005C6B17 /* FincincUITests.swift in Sources */ = {isa = PBXBuildFile; fileRef = C5B89B661E867C28005C6B17 /* FincincUITests.swift */; };
		EC6B64E9C07340080FBEC78E /* Pods_Fincinc.framework in Frameworks */ = {isa = PBXBuildFile; fileRef = 8086471CE9170A2F45E01056 /* Pods_Fincinc.framework */; };
		F50D377DF222250B51AEEE2A /* Pods_FincincUITests.framework in Frameworks */ = {isa = PBXBuildFile; fileRef = 0ACC54C10538F102DE999474 /* Pods_FincincUITests.framework */; };
		FBF3252FB2DBB2EC7A1C6338 /* Pods_FincincTests.framework in Frameworks */ = {isa = PBXBuildFile; fileRef = 991A01FF38A8F9C6D04D4045 /* Pods_FincincTests.framework */; };
/* End PBXBuildFile section */

/* Begin PBXContainerItemProxy section */
		C5B89B581E867C28005C6B17 /* PBXContainerItemProxy */ = {
			isa = PBXContainerItemProxy;
			containerPortal = C5B89B3B1E867C28005C6B17 /* Project object */;
			proxyType = 1;
			remoteGlobalIDString = C5B89B421E867C28005C6B17;
			remoteInfo = Fincinc;
		};
		C5B89B631E867C28005C6B17 /* PBXContainerItemProxy */ = {
			isa = PBXContainerItemProxy;
			containerPortal = C5B89B3B1E867C28005C6B17 /* Project object */;
			proxyType = 1;
			remoteGlobalIDString = C5B89B421E867C28005C6B17;
			remoteInfo = Fincinc;
		};
/* End PBXContainerItemProxy section */

/* Begin PBXFileReference section */
		0ACC54C10538F102DE999474 /* Pods_FincincUITests.framework */ = {isa = PBXFileReference; explicitFileType = wrapper.framework; includeInIndex = 0; path = Pods_FincincUITests.framework; sourceTree = BUILT_PRODUCTS_DIR; };
		0C1DF80E9BE07CB48B014D28 /* Pods-FincincTests.release.xcconfig */ = {isa = PBXFileReference; includeInIndex = 1; lastKnownFileType = text.xcconfig; name = "Pods-FincincTests.release.xcconfig"; path = "Pods/Target Support Files/Pods-FincincTests/Pods-FincincTests.release.xcconfig"; sourceTree = "<group>"; };
		463E1CE35EF6BDF185649110 /* Pods-Fincinc.release.xcconfig */ = {isa = PBXFileReference; includeInIndex = 1; lastKnownFileType = text.xcconfig; name = "Pods-Fincinc.release.xcconfig"; path = "Pods/Target Support Files/Pods-Fincinc/Pods-Fincinc.release.xcconfig"; sourceTree = "<group>"; };
		47CE1ECCA4E0D01B98C1E8F3 /* Pods-FincincUITests.debug.xcconfig */ = {isa = PBXFileReference; includeInIndex = 1; lastKnownFileType = text.xcconfig; name = "Pods-FincincUITests.debug.xcconfig"; path = "Pods/Target Support Files/Pods-FincincUITests/Pods-FincincUITests.debug.xcconfig"; sourceTree = "<group>"; };
		67055B81975F1CD0D8F70630 /* Pods-FincincTests.debug.xcconfig */ = {isa = PBXFileReference; includeInIndex = 1; lastKnownFileType = text.xcconfig; name = "Pods-FincincTests.debug.xcconfig"; path = "Pods/Target Support Files/Pods-FincincTests/Pods-FincincTests.debug.xcconfig"; sourceTree = "<group>"; };
		7E2A226F5E5CDDD9BBCB2A75 /* Pods-FincincUITests.release.xcconfig */ = {isa = PBXFileReference; includeInIndex = 1; lastKnownFileType = text.xcconfig; name = "Pods-FincincUITests.release.xcconfig"; path = "Pods/Target Support Files/Pods-FincincUITests/Pods-FincincUITests.release.xcconfig"; sourceTree = "<group>"; };
		8086471CE9170A2F45E01056 /* Pods_Fincinc.framework */ = {isa = PBXFileReference; explicitFileType = wrapper.framework; includeInIndex = 0; path = Pods_Fincinc.framework; sourceTree = BUILT_PRODUCTS_DIR; };
		991A01FF38A8F9C6D04D4045 /* Pods_FincincTests.framework */ = {isa = PBXFileReference; explicitFileType = wrapper.framework; includeInIndex = 0; path = Pods_FincincTests.framework; sourceTree = BUILT_PRODUCTS_DIR; };
		C55BF7BD1E86B57E00996A92 /* GoogleService-Info.plist */ = {isa = PBXFileReference; fileEncoding = 4; lastKnownFileType = text.plist.xml; path = "GoogleService-Info.plist"; sourceTree = "<group>"; };
		C5B89B431E867C28005C6B17 /* Fincinc.app */ = {isa = PBXFileReference; explicitFileType = wrapper.application; includeInIndex = 0; path = Fincinc.app; sourceTree = BUILT_PRODUCTS_DIR; };
		C5B89B461E867C28005C6B17 /* AppDelegate.swift */ = {isa = PBXFileReference; lastKnownFileType = sourcecode.swift; path = AppDelegate.swift; sourceTree = "<group>"; };
		C5B89B481E867C28005C6B17 /* ViewController.swift */ = {isa = PBXFileReference; lastKnownFileType = sourcecode.swift; path = ViewController.swift; sourceTree = "<group>"; };
		C5B89B4B1E867C28005C6B17 /* Base */ = {isa = PBXFileReference; lastKnownFileType = file.storyboard; name = Base; path = Base.lproj/Main.storyboard; sourceTree = "<group>"; };
		C5B89B4D1E867C28005C6B17 /* Assets.xcassets */ = {isa = PBXFileReference; lastKnownFileType = folder.assetcatalog; path = Assets.xcassets; sourceTree = "<group>"; };
		C5B89B501E867C28005C6B17 /* Base */ = {isa = PBXFileReference; lastKnownFileType = file.storyboard; name = Base; path = Base.lproj/LaunchScreen.storyboard; sourceTree = "<group>"; };
		C5B89B521E867C28005C6B17 /* Info.plist */ = {isa = PBXFileReference; lastKnownFileType = text.plist.xml; path = Info.plist; sourceTree = "<group>"; };
		C5B89B571E867C28005C6B17 /* FincincTests.xctest */ = {isa = PBXFileReference; explicitFileType = wrapper.cfbundle; includeInIndex = 0; path = FincincTests.xctest; sourceTree = BUILT_PRODUCTS_DIR; };
		C5B89B5B1E867C28005C6B17 /* FincincTests.swift */ = {isa = PBXFileReference; lastKnownFileType = sourcecode.swift; path = FincincTests.swift; sourceTree = "<group>"; };
		C5B89B5D1E867C28005C6B17 /* Info.plist */ = {isa = PBXFileReference; lastKnownFileType = text.plist.xml; path = Info.plist; sourceTree = "<group>"; };
		C5B89B621E867C28005C6B17 /* FincincUITests.xctest */ = {isa = PBXFileReference; explicitFileType = wrapper.cfbundle; includeInIndex = 0; path = FincincUITests.xctest; sourceTree = BUILT_PRODUCTS_DIR; };
		C5B89B661E867C28005C6B17 /* FincincUITests.swift */ = {isa = PBXFileReference; lastKnownFileType = sourcecode.swift; path = FincincUITests.swift; sourceTree = "<group>"; };
		C5B89B681E867C28005C6B17 /* Info.plist */ = {isa = PBXFileReference; lastKnownFileType = text.plist.xml; path = Info.plist; sourceTree = "<group>"; };
		D47A5551E41844E0C0AD19F4 /* Pods-Fincinc.debug.xcconfig */ = {isa = PBXFileReference; includeInIndex = 1; lastKnownFileType = text.xcconfig; name = "Pods-Fincinc.debug.xcconfig"; path = "Pods/Target Support Files/Pods-Fincinc/Pods-Fincinc.debug.xcconfig"; sourceTree = "<group>"; };
/* End PBXFileReference section */

/* Begin PBXFrameworksBuildPhase section */
		C5B89B401E867C28005C6B17 /* Frameworks */ = {
			isa = PBXFrameworksBuildPhase;
			buildActionMask = 2147483647;
			files = (
				EC6B64E9C07340080FBEC78E /* Pods_Fincinc.framework in Frameworks */,
			);
			runOnlyForDeploymentPostprocessing = 0;
		};
		C5B89B541E867C28005C6B17 /* Frameworks */ = {
			isa = PBXFrameworksBuildPhase;
			buildActionMask = 2147483647;
			files = (
				FBF3252FB2DBB2EC7A1C6338 /* Pods_FincincTests.framework in Frameworks */,
			);
			runOnlyForDeploymentPostprocessing = 0;
		};
		C5B89B5F1E867C28005C6B17 /* Frameworks */ = {
			isa = PBXFrameworksBuildPhase;
			buildActionMask = 2147483647;
			files = (
				F50D377DF222250B51AEEE2A /* Pods_FincincUITests.framework in Frameworks */,
			);
			runOnlyForDeploymentPostprocessing = 0;
		};
/* End PBXFrameworksBuildPhase section */

/* Begin PBXGroup section */
		C5B89B3A1E867C28005C6B17 = {
			isa = PBXGroup;
			children = (
				C5B89B451E867C28005C6B17 /* Fincinc */,
				C5B89B5A1E867C28005C6B17 /* FincincTests */,
				C5B89B651E867C28005C6B17 /* FincincUITests */,
				C5B89B441E867C28005C6B17 /* Products */,
				CF9D1CEB336EFF4FBBD7526D /* Pods */,
				CA20DD700769EE4DF7892A9F /* Frameworks */,
			);
			sourceTree = "<group>";
		};
		C5B89B441E867C28005C6B17 /* Products */ = {
			isa = PBXGroup;
			children = (
				C5B89B431E867C28005C6B17 /* Fincinc.app */,
				C5B89B571E867C28005C6B17 /* FincincTests.xctest */,
				C5B89B621E867C28005C6B17 /* FincincUITests.xctest */,
			);
			name = Products;
			sourceTree = "<group>";
		};
		C5B89B451E867C28005C6B17 /* Fincinc */ = {
			isa = PBXGroup;
			children = (
				C5B89B461E867C28005C6B17 /* AppDelegate.swift */,
				C5B89B481E867C28005C6B17 /* ViewController.swift */,
				C5B89B4A1E867C28005C6B17 /* Main.storyboard */,
				C5B89B4D1E867C28005C6B17 /* Assets.xcassets */,
				C5B89B4F1E867C28005C6B17 /* LaunchScreen.storyboard */,
				C5B89B521E867C28005C6B17 /* Info.plist */,
				C55BF7BD1E86B57E00996A92 /* GoogleService-Info.plist */,
			);
			path = Fincinc;
			sourceTree = "<group>";
		};
		C5B89B5A1E867C28005C6B17 /* FincincTests */ = {
			isa = PBXGroup;
			children = (
				C5B89B5B1E867C28005C6B17 /* FincincTests.swift */,
				C5B89B5D1E867C28005C6B17 /* Info.plist */,
			);
			path = FincincTests;
			sourceTree = "<group>";
		};
		C5B89B651E867C28005C6B17 /* FincincUITests */ = {
			isa = PBXGroup;
			children = (
				C5B89B661E867C28005C6B17 /* FincincUITests.swift */,
				C5B89B681E867C28005C6B17 /* Info.plist */,
			);
			path = FincincUITests;
			sourceTree = "<group>";
		};
		CA20DD700769EE4DF7892A9F /* Frameworks */ = {
			isa = PBXGroup;
			children = (
				8086471CE9170A2F45E01056 /* Pods_Fincinc.framework */,
				991A01FF38A8F9C6D04D4045 /* Pods_FincincTests.framework */,
				0ACC54C10538F102DE999474 /* Pods_FincincUITests.framework */,
			);
			name = Frameworks;
			sourceTree = "<group>";
		};
		CF9D1CEB336EFF4FBBD7526D /* Pods */ = {
			isa = PBXGroup;
			children = (
				D47A5551E41844E0C0AD19F4 /* Pods-Fincinc.debug.xcconfig */,
				463E1CE35EF6BDF185649110 /* Pods-Fincinc.release.xcconfig */,
				67055B81975F1CD0D8F70630 /* Pods-FincincTests.debug.xcconfig */,
				0C1DF80E9BE07CB48B014D28 /* Pods-FincincTests.release.xcconfig */,
				47CE1ECCA4E0D01B98C1E8F3 /* Pods-FincincUITests.debug.xcconfig */,
				7E2A226F5E5CDDD9BBCB2A75 /* Pods-FincincUITests.release.xcconfig */,
			);
			name = Pods;
			sourceTree = "<group>";
		};
/* End PBXGroup section */

/* Begin PBXNativeTarget section */
		C5B89B421E867C28005C6B17 /* Fincinc */ = {
			isa = PBXNativeTarget;
			buildConfigurationList = C5B89B6B1E867C28005C6B17 /* Build configuration list for PBXNativeTarget "Fincinc" */;
			buildPhases = (
				354719D7FB64E3798AC67F48 /* [CP] Check Pods Manifest.lock */,
				C5B89B3F1E867C28005C6B17 /* Sources */,
				C5B89B401E867C28005C6B17 /* Frameworks */,
				C5B89B411E867C28005C6B17 /* Resources */,
				5F0AD80BCA62A00FD79C3094 /* [CP] Embed Pods Frameworks */,
				8FFEABC98A6935BFB5A69C8A /* [CP] Copy Pods Resources */,
			);
			buildRules = (
			);
			dependencies = (
			);
			name = Fincinc;
			productName = Fincinc;
			productReference = C5B89B431E867C28005C6B17 /* Fincinc.app */;
			productType = "com.apple.product-type.application";
		};
		C5B89B561E867C28005C6B17 /* FincincTests */ = {
			isa = PBXNativeTarget;
			buildConfigurationList = C5B89B6E1E867C28005C6B17 /* Build configuration list for PBXNativeTarget "FincincTests" */;
			buildPhases = (
				657D8035F47A7175309574A1 /* [CP] Check Pods Manifest.lock */,
				C5B89B531E867C28005C6B17 /* Sources */,
				C5B89B541E867C28005C6B17 /* Frameworks */,
				C5B89B551E867C28005C6B17 /* Resources */,
				27813540DD154FEADB551D7F /* [CP] Embed Pods Frameworks */,
				57DD1CE973DA6B6859B1E609 /* [CP] Copy Pods Resources */,
			);
			buildRules = (
			);
			dependencies = (
				C5B89B591E867C28005C6B17 /* PBXTargetDependency */,
			);
			name = FincincTests;
			productName = FincincTests;
			productReference = C5B89B571E867C28005C6B17 /* FincincTests.xctest */;
			productType = "com.apple.product-type.bundle.unit-test";
		};
		C5B89B611E867C28005C6B17 /* FincincUITests */ = {
			isa = PBXNativeTarget;
			buildConfigurationList = C5B89B711E867C28005C6B17 /* Build configuration list for PBXNativeTarget "FincincUITests" */;
			buildPhases = (
				7E0063FB1049822F2A6D3566 /* [CP] Check Pods Manifest.lock */,
				C5B89B5E1E867C28005C6B17 /* Sources */,
				C5B89B5F1E867C28005C6B17 /* Frameworks */,
				C5B89B601E867C28005C6B17 /* Resources */,
				6BCC5ADE6AB7C76B46C56CF5 /* [CP] Embed Pods Frameworks */,
				B66F0C642692F8E9FD89ADB0 /* [CP] Copy Pods Resources */,
			);
			buildRules = (
			);
			dependencies = (
				C5B89B641E867C28005C6B17 /* PBXTargetDependency */,
			);
			name = FincincUITests;
			productName = FincincUITests;
			productReference = C5B89B621E867C28005C6B17 /* FincincUITests.xctest */;
			productType = "com.apple.product-type.bundle.ui-testing";
		};
/* End PBXNativeTarget section */

/* Begin PBXProject section */
		C5B89B3B1E867C28005C6B17 /* Project object */ = {
			isa = PBXProject;
			attributes = {
				LastSwiftUpdateCheck = 0820;
				LastUpgradeCheck = 0820;
				ORGANIZATIONNAME = AHN;
				TargetAttributes = {
					C5B89B421E867C28005C6B17 = {
						CreatedOnToolsVersion = 8.2.1;
						DevelopmentTeam = 9S6RTY4596;
						ProvisioningStyle = Automatic;
					};
					C5B89B561E867C28005C6B17 = {
						CreatedOnToolsVersion = 8.2.1;
						DevelopmentTeam = 9S6RTY4596;
						ProvisioningStyle = Automatic;
						TestTargetID = C5B89B421E867C28005C6B17;
					};
					C5B89B611E867C28005C6B17 = {
						CreatedOnToolsVersion = 8.2.1;
						DevelopmentTeam = 9S6RTY4596;
						ProvisioningStyle = Automatic;
						TestTargetID = C5B89B421E867C28005C6B17;
					};
				};
			};
			buildConfigurationList = C5B89B3E1E867C28005C6B17 /* Build configuration list for PBXProject "Fincinc" */;
			compatibilityVersion = "Xcode 3.2";
			developmentRegion = English;
			hasScannedForEncodings = 0;
			knownRegions = (
				en,
				Base,
			);
			mainGroup = C5B89B3A1E867C28005C6B17;
			productRefGroup = C5B89B441E867C28005C6B17 /* Products */;
			projectDirPath = "";
			projectRoot = "";
			targets = (
				C5B89B421E867C28005C6B17 /* Fincinc */,
				C5B89B561E867C28005C6B17 /* FincincTests */,
				C5B89B611E867C28005C6B17 /* FincincUITests */,
			);
		};
/* End PBXProject section */

/* Begin PBXResourcesBuildPhase section */
		C5B89B411E867C28005C6B17 /* Resources */ = {
			isa = PBXResourcesBuildPhase;
			buildActionMask = 2147483647;
			files = (
				C5B89B511E867C28005C6B17 /* LaunchScreen.storyboard in Resources */,
				C55BF7BE1E86B57E00996A92 /* GoogleService-Info.plist in Resources */,
				C5B89B4E1E867C28005C6B17 /* Assets.xcassets in Resources */,
				C5B89B4C1E867C28005C6B17 /* Main.storyboard in Resources */,
			);
			runOnlyForDeploymentPostprocessing = 0;
		};
		C5B89B551E867C28005C6B17 /* Resources */ = {
			isa = PBXResourcesBuildPhase;
			buildActionMask = 2147483647;
			files = (
			);
			runOnlyForDeploymentPostprocessing = 0;
		};
		C5B89B601E867C28005C6B17 /* Resources */ = {
			isa = PBXResourcesBuildPhase;
			buildActionMask = 2147483647;
			files = (
			);
			runOnlyForDeploymentPostprocessing = 0;
		};
/* End PBXResourcesBuildPhase section */

/* Begin PBXShellScriptBuildPhase section */
		27813540DD154FEADB551D7F /* [CP] Embed Pods Frameworks */ = {
			isa = PBXShellScriptBuildPhase;
			buildActionMask = 2147483647;
			files = (
			);
			inputPaths = (
			);
			name = "[CP] Embed Pods Frameworks";
			outputPaths = (
			);
			runOnlyForDeploymentPostprocessing = 0;
			shellPath = /bin/sh;
			shellScript = "\"${SRCROOT}/Pods/Target Support Files/Pods-FincincTests/Pods-FincincTests-frameworks.sh\"\n";
			showEnvVarsInLog = 0;
		};
		354719D7FB64E3798AC67F48 /* [CP] Check Pods Manifest.lock */ = {
			isa = PBXShellScriptBuildPhase;
			buildActionMask = 2147483647;
			files = (
			);
			inputPaths = (
			);
			name = "[CP] Check Pods Manifest.lock";
			outputPaths = (
			);
			runOnlyForDeploymentPostprocessing = 0;
			shellPath = /bin/sh;
			shellScript = "diff \"${PODS_ROOT}/../Podfile.lock\" \"${PODS_ROOT}/Manifest.lock\" > /dev/null\nif [ $? != 0 ] ; then\n    # print error to STDERR\n    echo \"error: The sandbox is not in sync with the Podfile.lock. Run 'pod install' or update your CocoaPods installation.\" >&2\n    exit 1\nfi\n";
			showEnvVarsInLog = 0;
		};
		57DD1CE973DA6B6859B1E609 /* [CP] Copy Pods Resources */ = {
			isa = PBXShellScriptBuildPhase;
			buildActionMask = 2147483647;
			files = (
			);
			inputPaths = (
			);
			name = "[CP] Copy Pods Resources";
			outputPaths = (
			);
			runOnlyForDeploymentPostprocessing = 0;
			shellPath = /bin/sh;
			shellScript = "\"${SRCROOT}/Pods/Target Support Files/Pods-FincincTests/Pods-FincincTests-resources.sh\"\n";
			showEnvVarsInLog = 0;
		};
		5F0AD80BCA62A00FD79C3094 /* [CP] Embed Pods Frameworks */ = {
			isa = PBXShellScriptBuildPhase;
			buildActionMask = 2147483647;
			files = (
			);
			inputPaths = (
			);
			name = "[CP] Embed Pods Frameworks";
			outputPaths = (
			);
			runOnlyForDeploymentPostprocessing = 0;
			shellPath = /bin/sh;
			shellScript = "\"${SRCROOT}/Pods/Target Support Files/Pods-Fincinc/Pods-Fincinc-frameworks.sh\"\n";
			showEnvVarsInLog = 0;
		};
		657D8035F47A7175309574A1 /* [CP] Check Pods Manifest.lock */ = {
			isa = PBXShellScriptBuildPhase;
			buildActionMask = 2147483647;
			files = (
			);
			inputPaths = (
			);
			name = "[CP] Check Pods Manifest.lock";
			outputPaths = (
			);
			runOnlyForDeploymentPostprocessing = 0;
			shellPath = /bin/sh;
			shellScript = "diff \"${PODS_ROOT}/../Podfile.lock\" \"${PODS_ROOT}/Manifest.lock\" > /dev/null\nif [ $? != 0 ] ; then\n    # print error to STDERR\n    echo \"error: The sandbox is not in sync with the Podfile.lock. Run 'pod install' or update your CocoaPods installation.\" >&2\n    exit 1\nfi\n";
			showEnvVarsInLog = 0;
		};
		6BCC5ADE6AB7C76B46C56CF5 /* [CP] Embed Pods Frameworks */ = {
			isa = PBXShellScriptBuildPhase;
			buildActionMask = 2147483647;
			files = (
			);
			inputPaths = (
			);
			name = "[CP] Embed Pods Frameworks";
			outputPaths = (
			);
			runOnlyForDeploymentPostprocessing = 0;
			shellPath = /bin/sh;
			shellScript = "\"${SRCROOT}/Pods/Target Support Files/Pods-FincincUITests/Pods-FincincUITests-frameworks.sh\"\n";
			showEnvVarsInLog = 0;
		};
		7E0063FB1049822F2A6D3566 /* [CP] Check Pods Manifest.lock */ = {
			isa = PBXShellScriptBuildPhase;
			buildActionMask = 2147483647;
			files = (
			);
			inputPaths = (
			);
			name = "[CP] Check Pods Manifest.lock";
			outputPaths = (
			);
			runOnlyForDeploymentPostprocessing = 0;
			shellPath = /bin/sh;
			shellScript = "diff \"${PODS_ROOT}/../Podfile.lock\" \"${PODS_ROOT}/Manifest.lock\" > /dev/null\nif [ $? != 0 ] ; then\n    # print error to STDERR\n    echo \"error: The sandbox is not in sync with the Podfile.lock. Run 'pod install' or update your CocoaPods installation.\" >&2\n    exit 1\nfi\n";
			showEnvVarsInLog = 0;
		};
		8FFEABC98A6935BFB5A69C8A /* [CP] Copy Pods Resources */ = {
			isa = PBXShellScriptBuildPhase;
			buildActionMask = 2147483647;
			files = (
			);
			inputPaths = (
			);
			name = "[CP] Copy Pods Resources";
			outputPaths = (
			);
			runOnlyForDeploymentPostprocessing = 0;
			shellPath = /bin/sh;
			shellScript = "\"${SRCROOT}/Pods/Target Support Files/Pods-Fincinc/Pods-Fincinc-resources.sh\"\n";
			showEnvVarsInLog = 0;
		};
		B66F0C642692F8E9FD89ADB0 /* [CP] Copy Pods Resources */ = {
			isa = PBXShellScriptBuildPhase;
			buildActionMask = 2147483647;
			files = (
			);
			inputPaths = (
			);
			name = "[CP] Copy Pods Resources";
			outputPaths = (
			);
			runOnlyForDeploymentPostprocessing = 0;
			shellPath = /bin/sh;
			shellScript = "\"${SRCROOT}/Pods/Target Support Files/Pods-FincincUITests/Pods-FincincUITests-resources.sh\"\n";
			showEnvVarsInLog = 0;
		};
/* End PBXShellScriptBuildPhase section */

/* Begin PBXSourcesBuildPhase section */
		C5B89B3F1E867C28005C6B17 /* Sources */ = {
			isa = PBXSourcesBuildPhase;
			buildActionMask = 2147483647;
			files = (
				C5B89B491E867C28005C6B17 /* ViewController.swift in Sources */,
				C5B89B471E867C28005C6B17 /* AppDelegate.swift in Sources */,
			);
			runOnlyForDeploymentPostprocessing = 0;
		};
		C5B89B531E867C28005C6B17 /* Sources */ = {
			isa = PBXSourcesBuildPhase;
			buildActionMask = 2147483647;
			files = (
				C5B89B5C1E867C28005C6B17 /* FincincTests.swift in Sources */,
			);
			runOnlyForDeploymentPostprocessing = 0;
		};
		C5B89B5E1E867C28005C6B17 /* Sources */ = {
			isa = PBXSourcesBuildPhase;
			buildActionMask = 2147483647;
			files = (
				C5B89B671E867C28005C6B17 /* FincincUITests.swift in Sources */,
			);
			runOnlyForDeploymentPostprocessing = 0;
		};
/* End PBXSourcesBuildPhase section */

/* Begin PBXTargetDependency section */
		C5B89B591E867C28005C6B17 /* PBXTargetDependency */ = {
			isa = PBXTargetDependency;
			target = C5B89B421E867C28005C6B17 /* Fincinc */;
			targetProxy = C5B89B581E867C28005C6B17 /* PBXContainerItemProxy */;
		};
		C5B89B641E867C28005C6B17 /* PBXTargetDependency */ = {
			isa = PBXTargetDependency;
			target = C5B89B421E867C28005C6B17 /* Fincinc */;
			targetProxy = C5B89B631E867C28005C6B17 /* PBXContainerItemProxy */;
		};
/* End PBXTargetDependency section */

/* Begin PBXVariantGroup section */
		C5B89B4A1E867C28005C6B17 /* Main.storyboard */ = {
			isa = PBXVariantGroup;
			children = (
				C5B89B4B1E867C28005C6B17 /* Base */,
			);
			name = Main.storyboard;
			sourceTree = "<group>";
		};
		C5B89B4F1E867C28005C6B17 /* LaunchScreen.storyboard */ = {
			isa = PBXVariantGroup;
			children = (
				C5B89B501E867C28005C6B17 /* Base */,
			);
			name = LaunchScreen.storyboard;
			sourceTree = "<group>";
		};
/* End PBXVariantGroup section */

/* Begin XCBuildConfiguration section */
		C5B89B691E867C28005C6B17 /* Debug */ = {
			isa = XCBuildConfiguration;
			buildSettings = {
				ALWAYS_SEARCH_USER_PATHS = NO;
				CLANG_ANALYZER_NONNULL = YES;
				CLANG_CXX_LANGUAGE_STANDARD = "gnu++0x";
				CLANG_CXX_LIBRARY = "libc++";
				CLANG_ENABLE_MODULES = YES;
				CLANG_ENABLE_OBJC_ARC = YES;
				CLANG_WARN_BOOL_CONVERSION = YES;
				CLANG_WARN_CONSTANT_CONVERSION = YES;
				CLANG_WARN_DIRECT_OBJC_ISA_USAGE = YES_ERROR;
				CLANG_WARN_DOCUMENTATION_COMMENTS = YES;
				CLANG_WARN_EMPTY_BODY = YES;
				CLANG_WARN_ENUM_CONVERSION = YES;
				CLANG_WARN_INFINITE_RECURSION = YES;
				CLANG_WARN_INT_CONVERSION = YES;
				CLANG_WARN_OBJC_ROOT_CLASS = YES_ERROR;
				CLANG_WARN_SUSPICIOUS_MOVE = YES;
				CLANG_WARN_UNREACHABLE_CODE = YES;
				CLANG_WARN__DUPLICATE_METHOD_MATCH = YES;
				"CODE_SIGN_IDENTITY[sdk=iphoneos*]" = "iPhone Developer";
				COPY_PHASE_STRIP = NO;
				DEBUG_INFORMATION_FORMAT = dwarf;
				ENABLE_STRICT_OBJC_MSGSEND = YES;
				ENABLE_TESTABILITY = YES;
				GCC_C_LANGUAGE_STANDARD = gnu99;
				GCC_DYNAMIC_NO_PIC = NO;
				GCC_NO_COMMON_BLOCKS = YES;
				GCC_OPTIMIZATION_LEVEL = 0;
				GCC_PREPROCESSOR_DEFINITIONS = (
					"DEBUG=1",
					"$(inherited)",
				);
				GCC_WARN_64_TO_32_BIT_CONVERSION = YES;
				GCC_WARN_ABOUT_RETURN_TYPE = YES_ERROR;
				GCC_WARN_UNDECLARED_SELECTOR = YES;
				GCC_WARN_UNINITIALIZED_AUTOS = YES_AGGRESSIVE;
				GCC_WARN_UNUSED_FUNCTION = YES;
				GCC_WARN_UNUSED_VARIABLE = YES;
				IPHONEOS_DEPLOYMENT_TARGET = 10.2;
				MTL_ENABLE_DEBUG_INFO = YES;
				ONLY_ACTIVE_ARCH = YES;
				SDKROOT = iphoneos;
				SWIFT_ACTIVE_COMPILATION_CONDITIONS = DEBUG;
				SWIFT_OPTIMIZATION_LEVEL = "-Onone";
			};
			name = Debug;
		};
		C5B89B6A1E867C28005C6B17 /* Release */ = {
			isa = XCBuildConfiguration;
			buildSettings = {
				ALWAYS_SEARCH_USER_PATHS = NO;
				CLANG_ANALYZER_NONNULL = YES;
				CLANG_CXX_LANGUAGE_STANDARD = "gnu++0x";
				CLANG_CXX_LIBRARY = "libc++";
				CLANG_ENABLE_MODULES = YES;
				CLANG_ENABLE_OBJC_ARC = YES;
				CLANG_WARN_BOOL_CONVERSION = YES;
				CLANG_WARN_CONSTANT_CONVERSION = YES;
				CLANG_WARN_DIRECT_OBJC_ISA_USAGE = YES_ERROR;
				CLANG_WARN_DOCUMENTATION_COMMENTS = YES;
				CLANG_WARN_EMPTY_BODY = YES;
				CLANG_WARN_ENUM_CONVERSION = YES;
				CLANG_WARN_INFINITE_RECURSION = YES;
				CLANG_WARN_INT_CONVERSION = YES;
				CLANG_WARN_OBJC_ROOT_CLASS = YES_ERROR;
				CLANG_WARN_SUSPICIOUS_MOVE = YES;
				CLANG_WARN_UNREACHABLE_CODE = YES;
				CLANG_WARN__DUPLICATE_METHOD_MATCH = YES;
				"CODE_SIGN_IDENTITY[sdk=iphoneos*]" = "iPhone Developer";
				COPY_PHASE_STRIP = NO;
				DEBUG_INFORMATION_FORMAT = "dwarf-with-dsym";
				ENABLE_NS_ASSERTIONS = NO;
				ENABLE_STRICT_OBJC_MSGSEND = YES;
				GCC_C_LANGUAGE_STANDARD = gnu99;
				GCC_NO_COMMON_BLOCKS = YES;
				GCC_WARN_64_TO_32_BIT_CONVERSION = YES;
				GCC_WARN_ABOUT_RETURN_TYPE = YES_ERROR;
				GCC_WARN_UNDECLARED_SELECTOR = YES;
				GCC_WARN_UNINITIALIZED_AUTOS = YES_AGGRESSIVE;
				GCC_WARN_UNUSED_FUNCTION = YES;
				GCC_WARN_UNUSED_VARIABLE = YES;
				IPHONEOS_DEPLOYMENT_TARGET = 10.2;
				MTL_ENABLE_DEBUG_INFO = NO;
				SDKROOT = iphoneos;
				SWIFT_OPTIMIZATION_LEVEL = "-Owholemodule";
				VALIDATE_PRODUCT = YES;
			};
			name = Release;
		};
		C5B89B6C1E867C28005C6B17 /* Debug */ = {
			isa = XCBuildConfiguration;
			baseConfigurationReference = D47A5551E41844E0C0AD19F4 /* Pods-Fincinc.debug.xcconfig */;
			buildSettings = {
				ASSETCATALOG_COMPILER_APPICON_NAME = AppIcon;
				DEVELOPMENT_TEAM = 9S6RTY4596;
				INFOPLIST_FILE = Fincinc/Info.plist;
				IPHONEOS_DEPLOYMENT_TARGET = 10.2;
				LD_RUNPATH_SEARCH_PATHS = "$(inherited) @executable_path/Frameworks";
				PRODUCT_BUNDLE_IDENTIFIER = com.AHN.Fincnic;
				PRODUCT_NAME = "$(TARGET_NAME)";
				SWIFT_VERSION = 3.0;
			};
			name = Debug;
		};
		C5B89B6D1E867C28005C6B17 /* Release */ = {
			isa = XCBuildConfiguration;
			baseConfigurationReference = 463E1CE35EF6BDF185649110 /* Pods-Fincinc.release.xcconfig */;
			buildSettings = {
				ASSETCATALOG_COMPILER_APPICON_NAME = AppIcon;
				DEVELOPMENT_TEAM = 9S6RTY4596;
				INFOPLIST_FILE = Fincinc/Info.plist;
				IPHONEOS_DEPLOYMENT_TARGET = 10.2;
				LD_RUNPATH_SEARCH_PATHS = "$(inherited) @executable_path/Frameworks";
				PRODUCT_BUNDLE_IDENTIFIER = com.AHN.Fincnic;
				PRODUCT_NAME = "$(TARGET_NAME)";
				SWIFT_VERSION = 3.0;
			};
			name = Release;
		};
		C5B89B6F1E867C28005C6B17 /* Debug */ = {
			isa = XCBuildConfiguration;
			baseConfigurationReference = 67055B81975F1CD0D8F70630 /* Pods-FincincTests.debug.xcconfig */;
			buildSettings = {
				ALWAYS_EMBED_SWIFT_STANDARD_LIBRARIES = YES;
				BUNDLE_LOADER = "$(TEST_HOST)";
				DEVELOPMENT_TEAM = 9S6RTY4596;
				INFOPLIST_FILE = FincincTests/Info.plist;
				LD_RUNPATH_SEARCH_PATHS = "$(inherited) @executable_path/Frameworks @loader_path/Frameworks";
				PRODUCT_BUNDLE_IDENTIFIER = com.AHN.FincincTests;
				PRODUCT_NAME = "$(TARGET_NAME)";
				SWIFT_VERSION = 3.0;
				TEST_HOST = "$(BUILT_PRODUCTS_DIR)/Fincinc.app/Fincinc";
			};
			name = Debug;
		};
		C5B89B701E867C28005C6B17 /* Release */ = {
			isa = XCBuildConfiguration;
			baseConfigurationReference = 0C1DF80E9BE07CB48B014D28 /* Pods-FincincTests.release.xcconfig */;
			buildSettings = {
				ALWAYS_EMBED_SWIFT_STANDARD_LIBRARIES = YES;
				BUNDLE_LOADER = "$(TEST_HOST)";
				DEVELOPMENT_TEAM = 9S6RTY4596;
				INFOPLIST_FILE = FincincTests/Info.plist;
				LD_RUNPATH_SEARCH_PATHS = "$(inherited) @executable_path/Frameworks @loader_path/Frameworks";
				PRODUCT_BUNDLE_IDENTIFIER = com.AHN.FincincTests;
				PRODUCT_NAME = "$(TARGET_NAME)";
				SWIFT_VERSION = 3.0;
				TEST_HOST = "$(BUILT_PRODUCTS_DIR)/Fincinc.app/Fincinc";
			};
			name = Release;
		};
		C5B89B721E867C28005C6B17 /* Debug */ = {
			isa = XCBuildConfiguration;
			baseConfigurationReference = 47CE1ECCA4E0D01B98C1E8F3 /* Pods-FincincUITests.debug.xcconfig */;
			buildSettings = {
				ALWAYS_EMBED_SWIFT_STANDARD_LIBRARIES = YES;
				DEVELOPMENT_TEAM = 9S6RTY4596;
				INFOPLIST_FILE = FincincUITests/Info.plist;
				LD_RUNPATH_SEARCH_PATHS = "$(inherited) @executable_path/Frameworks @loader_path/Frameworks";
				PRODUCT_BUNDLE_IDENTIFIER = com.AHN.FincincUITests;
				PRODUCT_NAME = "$(TARGET_NAME)";
				SWIFT_VERSION = 3.0;
				TEST_TARGET_NAME = Fincinc;
			};
			name = Debug;
		};
		C5B89B731E867C28005C6B17 /* Release */ = {
			isa = XCBuildConfiguration;
			baseConfigurationReference = 7E2A226F5E5CDDD9BBCB2A75 /* Pods-FincincUITests.release.xcconfig */;
			buildSettings = {
				ALWAYS_EMBED_SWIFT_STANDARD_LIBRARIES = YES;
				DEVELOPMENT_TEAM = 9S6RTY4596;
				INFOPLIST_FILE = FincincUITests/Info.plist;
				LD_RUNPATH_SEARCH_PATHS = "$(inherited) @executable_path/Frameworks @loader_path/Frameworks";
				PRODUCT_BUNDLE_IDENTIFIER = com.AHN.FincincUITests;
				PRODUCT_NAME = "$(TARGET_NAME)";
				SWIFT_VERSION = 3.0;
				TEST_TARGET_NAME = Fincinc;
			};
			name = Release;
		};
/* End XCBuildConfiguration section */

/* Begin XCConfigurationList section */
		C5B89B3E1E867C28005C6B17 /* Build configuration list for PBXProject "Fincinc" */ = {
			isa = XCConfigurationList;
			buildConfigurations = (
				C5B89B691E867C28005C6B17 /* Debug */,
				C5B89B6A1E867C28005C6B17 /* Release */,
			);
			defaultConfigurationIsVisible = 0;
			defaultConfigurationName = Release;
		};
		C5B89B6B1E867C28005C6B17 /* Build configuration list for PBXNativeTarget "Fincinc" */ = {
			isa = XCConfigurationList;
			buildConfigurations = (
				C5B89B6C1E867C28005C6B17 /* Debug */,
				C5B89B6D1E867C28005C6B17 /* Release */,
			);
			defaultConfigurationIsVisible = 0;
			defaultConfigurationName = Release;
		};
		C5B89B6E1E867C28005C6B17 /* Build configuration list for PBXNativeTarget "FincincTests" */ = {
			isa = XCConfigurationList;
			buildConfigurations = (
				C5B89B6F1E867C28005C6B17 /* Debug */,
				C5B89B701E867C28005C6B17 /* Release */,
			);
			defaultConfigurationIsVisible = 0;
			defaultConfigurationName = Release;
		};
		C5B89B711E867C28005C6B17 /* Build configuration list for PBXNativeTarget "FincincUITests" */ = {
			isa = XCConfigurationList;
			buildConfigurations = (
				C5B89B721E867C28005C6B17 /* Debug */,
				C5B89B731E867C28005C6B17 /* Release */,
			);
			defaultConfigurationIsVisible = 0;
			defaultConfigurationName = Release;
		};
/* End XCConfigurationList section */
	};
	rootObject = C5B89B3B1E867C28005C6B17 /* Project object */;
}
